// !$*UTF8*$!
{
	archiveVersion = 1;
	classes = {
	};
	objectVersion = 55;
	objects = {

/* Begin PBXBuildFile section */
		010F4215286A2522006D101E /* AppDelegate.m in Sources */ = {isa = PBXBuildFile; fileRef = 010F4214286A2522006D101E /* AppDelegate.m */; };
		010F4218286A2522006D101E /* SceneDelegate.m in Sources */ = {isa = PBXBuildFile; fileRef = 010F4217286A2522006D101E /* SceneDelegate.m */; };
		010F421B286A2522006D101E /* ViewController.m in Sources */ = {isa = PBXBuildFile; fileRef = 010F421A286A2522006D101E /* ViewController.m */; };
		010F421E286A2522006D101E /* Main.storyboard in Resources */ = {isa = PBXBuildFile; fileRef = 010F421C286A2522006D101E /* Main.storyboard */; };
		010F4220286A2524006D101E /* Assets.xcassets in Resources */ = {isa = PBXBuildFile; fileRef = 010F421F286A2524006D101E /* Assets.xcassets */; };
		010F4223286A2524006D101E /* LaunchScreen.storyboard in Resources */ = {isa = PBXBuildFile; fileRef = 010F4221286A2524006D101E /* LaunchScreen.storyboard */; };
		010F4226286A2524006D101E /* main.m in Sources */ = {isa = PBXBuildFile; fileRef = 010F4225286A2524006D101E /* main.m */; };
		010F4230286A2524006D101E /* InstagramTests.m in Sources */ = {isa = PBXBuildFile; fileRef = 010F422F286A2524006D101E /* InstagramTests.m */; };
		010F423A286A2524006D101E /* InstagramUITests.m in Sources */ = {isa = PBXBuildFile; fileRef = 010F4239286A2524006D101E /* InstagramUITests.m */; };
		010F423C286A2524006D101E /* InstagramUITestsLaunchTests.m in Sources */ = {isa = PBXBuildFile; fileRef = 010F423B286A2524006D101E /* InstagramUITestsLaunchTests.m */; };
		010F4251286A6C78006D101E /* SignUpViewController.m in Sources */ = {isa = PBXBuildFile; fileRef = 010F4250286A6C78006D101E /* SignUpViewController.m */; };
		010F42562870EE69006D101E /* FeedViewController.m in Sources */ = {isa = PBXBuildFile; fileRef = 010F42552870EE69006D101E /* FeedViewController.m */; };
		010F42592870F1D5006D101E /* PostPhotoViewController.m in Sources */ = {isa = PBXBuildFile; fileRef = 010F42582870F1D5006D101E /* PostPhotoViewController.m */; };
		010F425F2870FB82006D101E /* Post.m in Sources */ = {isa = PBXBuildFile; fileRef = 010F425E2870FB82006D101E /* Post.m */; };
		010F42622870FEB7006D101E /* ProfileViewController.m in Sources */ = {isa = PBXBuildFile; fileRef = 010F42612870FEB7006D101E /* ProfileViewController.m */; };
		010F426528710148006D101E /* collectionViewCell.m in Sources */ = {isa = PBXBuildFile; fileRef = 010F426428710148006D101E /* collectionViewCell.m */; };
		010F42682871046A006D101E /* ProfilePhotoViewController.m in Sources */ = {isa = PBXBuildFile; fileRef = 010F42672871046A006D101E /* ProfilePhotoViewController.m */; };
		2CCE8B34D2E6BB322C5E5BCC /* libPods-InstagramTests.a in Frameworks */ = {isa = PBXBuildFile; fileRef = A5D416AF44D6042D0808C856 /* libPods-InstagramTests.a */; };
		F074D098D5A016AA1085CFD7 /* libPods-Instagram.a in Frameworks */ = {isa = PBXBuildFile; fileRef = C0AA86D30E4D81B5182AE5E1 /* libPods-Instagram.a */; };
		F2D4ABC3A7CB8E9A59ABA0B8 /* libPods-Instagram-InstagramUITests.a in Frameworks */ = {isa = PBXBuildFile; fileRef = 8B6D63BC63CBC0A99E9D444A /* libPods-Instagram-InstagramUITests.a */; };
/* End PBXBuildFile section */

/* Begin PBXContainerItemProxy section */
		010F422C286A2524006D101E /* PBXContainerItemProxy */ = {
			isa = PBXContainerItemProxy;
			containerPortal = 010F4208286A2522006D101E /* Project object */;
			proxyType = 1;
			remoteGlobalIDString = 010F420F286A2522006D101E;
			remoteInfo = Instagram;
		};
		010F4236286A2524006D101E /* PBXContainerItemProxy */ = {
			isa = PBXContainerItemProxy;
			containerPortal = 010F4208286A2522006D101E /* Project object */;
			proxyType = 1;
			remoteGlobalIDString = 010F420F286A2522006D101E;
			remoteInfo = Instagram;
		};
/* End PBXContainerItemProxy section */

/* Begin PBXFileReference section */
		010F4210286A2522006D101E /* Instagram.app */ = {isa = PBXFileReference; explicitFileType = wrapper.application; includeInIndex = 0; path = Instagram.app; sourceTree = BUILT_PRODUCTS_DIR; };
		010F4213286A2522006D101E /* AppDelegate.h */ = {isa = PBXFileReference; lastKnownFileType = sourcecode.c.h; path = AppDelegate.h; sourceTree = "<group>"; };
		010F4214286A2522006D101E /* AppDelegate.m */ = {isa = PBXFileReference; lastKnownFileType = sourcecode.c.objc; path = AppDelegate.m; sourceTree = "<group>"; };
		010F4216286A2522006D101E /* SceneDelegate.h */ = {isa = PBXFileReference; lastKnownFileType = sourcecode.c.h; path = SceneDelegate.h; sourceTree = "<group>"; };
		010F4217286A2522006D101E /* SceneDelegate.m */ = {isa = PBXFileReference; lastKnownFileType = sourcecode.c.objc; path = SceneDelegate.m; sourceTree = "<group>"; };
		010F4219286A2522006D101E /* ViewController.h */ = {isa = PBXFileReference; lastKnownFileType = sourcecode.c.h; path = ViewController.h; sourceTree = "<group>"; };
		010F421A286A2522006D101E /* ViewController.m */ = {isa = PBXFileReference; lastKnownFileType = sourcecode.c.objc; path = ViewController.m; sourceTree = "<group>"; };
		010F421D286A2522006D101E /* Base */ = {isa = PBXFileReference; lastKnownFileType = file.storyboard; name = Base; path = Base.lproj/Main.storyboard; sourceTree = "<group>"; };
		010F421F286A2524006D101E /* Assets.xcassets */ = {isa = PBXFileReference; lastKnownFileType = folder.assetcatalog; path = Assets.xcassets; sourceTree = "<group>"; };
		010F4222286A2524006D101E /* Base */ = {isa = PBXFileReference; lastKnownFileType = file.storyboard; name = Base; path = Base.lproj/LaunchScreen.storyboard; sourceTree = "<group>"; };
		010F4224286A2524006D101E /* Info.plist */ = {isa = PBXFileReference; lastKnownFileType = text.plist.xml; path = Info.plist; sourceTree = "<group>"; };
		010F4225286A2524006D101E /* main.m */ = {isa = PBXFileReference; lastKnownFileType = sourcecode.c.objc; path = main.m; sourceTree = "<group>"; };
		010F422B286A2524006D101E /* InstagramTests.xctest */ = {isa = PBXFileReference; explicitFileType = wrapper.cfbundle; includeInIndex = 0; path = InstagramTests.xctest; sourceTree = BUILT_PRODUCTS_DIR; };
		010F422F286A2524006D101E /* InstagramTests.m */ = {isa = PBXFileReference; lastKnownFileType = sourcecode.c.objc; path = InstagramTests.m; sourceTree = "<group>"; };
		010F4235286A2524006D101E /* InstagramUITests.xctest */ = {isa = PBXFileReference; explicitFileType = wrapper.cfbundle; includeInIndex = 0; path = InstagramUITests.xctest; sourceTree = BUILT_PRODUCTS_DIR; };
		010F4239286A2524006D101E /* InstagramUITests.m */ = {isa = PBXFileReference; lastKnownFileType = sourcecode.c.objc; path = InstagramUITests.m; sourceTree = "<group>"; };
		010F423B286A2524006D101E /* InstagramUITestsLaunchTests.m */ = {isa = PBXFileReference; lastKnownFileType = sourcecode.c.objc; path = InstagramUITestsLaunchTests.m; sourceTree = "<group>"; };
		010F424F286A6C78006D101E /* SignUpViewController.h */ = {isa = PBXFileReference; lastKnownFileType = sourcecode.c.h; path = SignUpViewController.h; sourceTree = "<group>"; };
		010F4250286A6C78006D101E /* SignUpViewController.m */ = {isa = PBXFileReference; lastKnownFileType = sourcecode.c.objc; path = SignUpViewController.m; sourceTree = "<group>"; };
		010F42542870EE69006D101E /* FeedViewController.h */ = {isa = PBXFileReference; lastKnownFileType = sourcecode.c.h; path = FeedViewController.h; sourceTree = "<group>"; };
		010F42552870EE69006D101E /* FeedViewController.m */ = {isa = PBXFileReference; lastKnownFileType = sourcecode.c.objc; path = FeedViewController.m; sourceTree = "<group>"; };
		010F42572870F1D5006D101E /* PostPhotoViewController.h */ = {isa = PBXFileReference; lastKnownFileType = sourcecode.c.h; path = PostPhotoViewController.h; sourceTree = "<group>"; };
		010F42582870F1D5006D101E /* PostPhotoViewController.m */ = {isa = PBXFileReference; lastKnownFileType = sourcecode.c.objc; path = PostPhotoViewController.m; sourceTree = "<group>"; };
		010F425D2870FB82006D101E /* Post.h */ = {isa = PBXFileReference; lastKnownFileType = sourcecode.c.h; path = Post.h; sourceTree = "<group>"; };
		010F425E2870FB82006D101E /* Post.m */ = {isa = PBXFileReference; lastKnownFileType = sourcecode.c.objc; path = Post.m; sourceTree = "<group>"; };
		010F42602870FEB7006D101E /* ProfileViewController.h */ = {isa = PBXFileReference; lastKnownFileType = sourcecode.c.h; path = ProfileViewController.h; sourceTree = "<group>"; };
		010F42612870FEB7006D101E /* ProfileViewController.m */ = {isa = PBXFileReference; lastKnownFileType = sourcecode.c.objc; path = ProfileViewController.m; sourceTree = "<group>"; };
		010F426328710148006D101E /* collectionViewCell.h */ = {isa = PBXFileReference; lastKnownFileType = sourcecode.c.h; path = collectionViewCell.h; sourceTree = "<group>"; };
		010F426428710148006D101E /* collectionViewCell.m */ = {isa = PBXFileReference; lastKnownFileType = sourcecode.c.objc; path = collectionViewCell.m; sourceTree = "<group>"; };
		010F42662871046A006D101E /* ProfilePhotoViewController.h */ = {isa = PBXFileReference; lastKnownFileType = sourcecode.c.h; path = ProfilePhotoViewController.h; sourceTree = "<group>"; };
		010F42672871046A006D101E /* ProfilePhotoViewController.m */ = {isa = PBXFileReference; lastKnownFileType = sourcecode.c.objc; path = ProfilePhotoViewController.m; sourceTree = "<group>"; };
		37F96F2E62604245A35608CE /* Pods-Instagram.debug.xcconfig */ = {isa = PBXFileReference; includeInIndex = 1; lastKnownFileType = text.xcconfig; name = "Pods-Instagram.debug.xcconfig"; path = "Target Support Files/Pods-Instagram/Pods-Instagram.debug.xcconfig"; sourceTree = "<group>"; };
		4B081C27467514B0DB272DBD /* Pods-Instagram-InstagramUITests.release.xcconfig */ = {isa = PBXFileReference; includeInIndex = 1; lastKnownFileType = text.xcconfig; name = "Pods-Instagram-InstagramUITests.release.xcconfig"; path = "Target Support Files/Pods-Instagram-InstagramUITests/Pods-Instagram-InstagramUITests.release.xcconfig"; sourceTree = "<group>"; };
		8B6D63BC63CBC0A99E9D444A /* libPods-Instagram-InstagramUITests.a */ = {isa = PBXFileReference; explicitFileType = archive.ar; includeInIndex = 0; path = "libPods-Instagram-InstagramUITests.a"; sourceTree = BUILT_PRODUCTS_DIR; };
		923CECCA9D173A2FF5174396 /* Pods-InstagramTests.debug.xcconfig */ = {isa = PBXFileReference; includeInIndex = 1; lastKnownFileType = text.xcconfig; name = "Pods-InstagramTests.debug.xcconfig"; path = "Target Support Files/Pods-InstagramTests/Pods-InstagramTests.debug.xcconfig"; sourceTree = "<group>"; };
		930C2046BF97C914AB97F753 /* Pods-Instagram-InstagramUITests.debug.xcconfig */ = {isa = PBXFileReference; includeInIndex = 1; lastKnownFileType = text.xcconfig; name = "Pods-Instagram-InstagramUITests.debug.xcconfig"; path = "Target Support Files/Pods-Instagram-InstagramUITests/Pods-Instagram-InstagramUITests.debug.xcconfig"; sourceTree = "<group>"; };
		A5D416AF44D6042D0808C856 /* libPods-InstagramTests.a */ = {isa = PBXFileReference; explicitFileType = archive.ar; includeInIndex = 0; path = "libPods-InstagramTests.a"; sourceTree = BUILT_PRODUCTS_DIR; };
		ABA42A94AF4633E6CCB26D39 /* Pods-Instagram.release.xcconfig */ = {isa = PBXFileReference; includeInIndex = 1; lastKnownFileType = text.xcconfig; name = "Pods-Instagram.release.xcconfig"; path = "Target Support Files/Pods-Instagram/Pods-Instagram.release.xcconfig"; sourceTree = "<group>"; };
		C0AA86D30E4D81B5182AE5E1 /* libPods-Instagram.a */ = {isa = PBXFileReference; explicitFileType = archive.ar; includeInIndex = 0; path = "libPods-Instagram.a"; sourceTree = BUILT_PRODUCTS_DIR; };
		C34E4707CDC6D7DC595925CA /* Pods-InstagramTests.release.xcconfig */ = {isa = PBXFileReference; includeInIndex = 1; lastKnownFileType = text.xcconfig; name = "Pods-InstagramTests.release.xcconfig"; path = "Target Support Files/Pods-InstagramTests/Pods-InstagramTests.release.xcconfig"; sourceTree = "<group>"; };
/* End PBXFileReference section */

/* Begin PBXFrameworksBuildPhase section */
		010F420D286A2522006D101E /* Frameworks */ = {
			isa = PBXFrameworksBuildPhase;
			buildActionMask = 2147483647;
			files = (
				F074D098D5A016AA1085CFD7 /* libPods-Instagram.a in Frameworks */,
			);
			runOnlyForDeploymentPostprocessing = 0;
		};
		010F4228286A2524006D101E /* Frameworks */ = {
			isa = PBXFrameworksBuildPhase;
			buildActionMask = 2147483647;
			files = (
				2CCE8B34D2E6BB322C5E5BCC /* libPods-InstagramTests.a in Frameworks */,
			);
			runOnlyForDeploymentPostprocessing = 0;
		};
		010F4232286A2524006D101E /* Frameworks */ = {
			isa = PBXFrameworksBuildPhase;
			buildActionMask = 2147483647;
			files = (
				F2D4ABC3A7CB8E9A59ABA0B8 /* libPods-Instagram-InstagramUITests.a in Frameworks */,
			);
			runOnlyForDeploymentPostprocessing = 0;
		};
/* End PBXFrameworksBuildPhase section */

/* Begin PBXGroup section */
		010F4207286A2522006D101E = {
			isa = PBXGroup;
			children = (
				010F4212286A2522006D101E /* Instagram */,
				010F422E286A2524006D101E /* InstagramTests */,
				010F4238286A2524006D101E /* InstagramUITests */,
				010F4211286A2522006D101E /* Products */,
				CA1DF8A44A4BD869EDBC05B3 /* Pods */,
				84F27036D65342C95DD4C3C1 /* Frameworks */,
			);
			sourceTree = "<group>";
		};
		010F4211286A2522006D101E /* Products */ = {
			isa = PBXGroup;
			children = (
				010F4210286A2522006D101E /* Instagram.app */,
				010F422B286A2524006D101E /* InstagramTests.xctest */,
				010F4235286A2524006D101E /* InstagramUITests.xctest */,
			);
			name = Products;
			sourceTree = "<group>";
		};
		010F4212286A2522006D101E /* Instagram */ = {
			isa = PBXGroup;
			children = (
				010F4213286A2522006D101E /* AppDelegate.h */,
				010F4214286A2522006D101E /* AppDelegate.m */,
				010F4216286A2522006D101E /* SceneDelegate.h */,
				010F4217286A2522006D101E /* SceneDelegate.m */,
				010F4219286A2522006D101E /* ViewController.h */,
				010F421A286A2522006D101E /* ViewController.m */,
				010F421C286A2522006D101E /* Main.storyboard */,
				010F42602870FEB7006D101E /* ProfileViewController.h */,
				010F42612870FEB7006D101E /* ProfileViewController.m */,
				010F42662871046A006D101E /* ProfilePhotoViewController.h */,
				010F42672871046A006D101E /* ProfilePhotoViewController.m */,
				010F426328710148006D101E /* collectionViewCell.h */,
				010F426428710148006D101E /* collectionViewCell.m */,
				010F425D2870FB82006D101E /* Post.h */,
				010F425E2870FB82006D101E /* Post.m */,
				010F42572870F1D5006D101E /* PostPhotoViewController.h */,
				010F42582870F1D5006D101E /* PostPhotoViewController.m */,
				010F42542870EE69006D101E /* FeedViewController.h */,
				010F42552870EE69006D101E /* FeedViewController.m */,
				010F424F286A6C78006D101E /* SignUpViewController.h */,
				010F4250286A6C78006D101E /* SignUpViewController.m */,
				010F421F286A2524006D101E /* Assets.xcassets */,
				010F4221286A2524006D101E /* LaunchScreen.storyboard */,
				010F4224286A2524006D101E /* Info.plist */,
				010F4225286A2524006D101E /* main.m */,
			);
			path = Instagram;
			sourceTree = "<group>";
		};
		010F422E286A2524006D101E /* InstagramTests */ = {
			isa = PBXGroup;
			children = (
				010F422F286A2524006D101E /* InstagramTests.m */,
			);
			path = InstagramTests;
			sourceTree = "<group>";
		};
		010F4238286A2524006D101E /* InstagramUITests */ = {
			isa = PBXGroup;
			children = (
				010F4239286A2524006D101E /* InstagramUITests.m */,
				010F423B286A2524006D101E /* InstagramUITestsLaunchTests.m */,
			);
			path = InstagramUITests;
			sourceTree = "<group>";
		};
		84F27036D65342C95DD4C3C1 /* Frameworks */ = {
			isa = PBXGroup;
			children = (
				C0AA86D30E4D81B5182AE5E1 /* libPods-Instagram.a */,
				8B6D63BC63CBC0A99E9D444A /* libPods-Instagram-InstagramUITests.a */,
				A5D416AF44D6042D0808C856 /* libPods-InstagramTests.a */,
			);
			name = Frameworks;
			sourceTree = "<group>";
		};
		CA1DF8A44A4BD869EDBC05B3 /* Pods */ = {
			isa = PBXGroup;
			children = (
				37F96F2E62604245A35608CE /* Pods-Instagram.debug.xcconfig */,
				ABA42A94AF4633E6CCB26D39 /* Pods-Instagram.release.xcconfig */,
				930C2046BF97C914AB97F753 /* Pods-Instagram-InstagramUITests.debug.xcconfig */,
				4B081C27467514B0DB272DBD /* Pods-Instagram-InstagramUITests.release.xcconfig */,
				923CECCA9D173A2FF5174396 /* Pods-InstagramTests.debug.xcconfig */,
				C34E4707CDC6D7DC595925CA /* Pods-InstagramTests.release.xcconfig */,
			);
			path = Pods;
			sourceTree = "<group>";
		};
/* End PBXGroup section */

/* Begin PBXNativeTarget section */
		010F420F286A2522006D101E /* Instagram */ = {
			isa = PBXNativeTarget;
			buildConfigurationList = 010F423F286A2524006D101E /* Build configuration list for PBXNativeTarget "Instagram" */;
			buildPhases = (
				8D82C4E160D8B7DD7D545B8E /* [CP] Check Pods Manifest.lock */,
				010F420C286A2522006D101E /* Sources */,
				010F420D286A2522006D101E /* Frameworks */,
				010F420E286A2522006D101E /* Resources */,
				4471BEDEA7DD769002157318 /* [CP] Copy Pods Resources */,
			);
			buildRules = (
			);
			dependencies = (
			);
			name = Instagram;
			productName = Instagram;
			productReference = 010F4210286A2522006D101E /* Instagram.app */;
			productType = "com.apple.product-type.application";
		};
		010F422A286A2524006D101E /* InstagramTests */ = {
			isa = PBXNativeTarget;
			buildConfigurationList = 010F4242286A2524006D101E /* Build configuration list for PBXNativeTarget "InstagramTests" */;
			buildPhases = (
				13949A4A30E1848EF60B875C /* [CP] Check Pods Manifest.lock */,
				010F4227286A2524006D101E /* Sources */,
				010F4228286A2524006D101E /* Frameworks */,
				010F4229286A2524006D101E /* Resources */,
			);
			buildRules = (
			);
			dependencies = (
				010F422D286A2524006D101E /* PBXTargetDependency */,
			);
			name = InstagramTests;
			productName = InstagramTests;
			productReference = 010F422B286A2524006D101E /* InstagramTests.xctest */;
			productType = "com.apple.product-type.bundle.unit-test";
		};
		010F4234286A2524006D101E /* InstagramUITests */ = {
			isa = PBXNativeTarget;
			buildConfigurationList = 010F4245286A2524006D101E /* Build configuration list for PBXNativeTarget "InstagramUITests" */;
			buildPhases = (
				B861E1CAF77A1CBE8960F16A /* [CP] Check Pods Manifest.lock */,
				010F4231286A2524006D101E /* Sources */,
				010F4232286A2524006D101E /* Frameworks */,
				010F4233286A2524006D101E /* Resources */,
				3B53BDE661BA4966DBD5B735 /* [CP] Copy Pods Resources */,
			);
			buildRules = (
			);
			dependencies = (
				010F4237286A2524006D101E /* PBXTargetDependency */,
			);
			name = InstagramUITests;
			productName = InstagramUITests;
			productReference = 010F4235286A2524006D101E /* InstagramUITests.xctest */;
			productType = "com.apple.product-type.bundle.ui-testing";
		};
/* End PBXNativeTarget section */

/* Begin PBXProject section */
		010F4208286A2522006D101E /* Project object */ = {
			isa = PBXProject;
			attributes = {
				BuildIndependentTargetsInParallel = 1;
				LastUpgradeCheck = 1340;
				TargetAttributes = {
					010F420F286A2522006D101E = {
						CreatedOnToolsVersion = 13.4;
					};
					010F422A286A2524006D101E = {
						CreatedOnToolsVersion = 13.4;
						TestTargetID = 010F420F286A2522006D101E;
					};
					010F4234286A2524006D101E = {
						CreatedOnToolsVersion = 13.4;
						TestTargetID = 010F420F286A2522006D101E;
					};
				};
			};
			buildConfigurationList = 010F420B286A2522006D101E /* Build configuration list for PBXProject "Instagram" */;
			compatibilityVersion = "Xcode 13.0";
			developmentRegion = en;
			hasScannedForEncodings = 0;
			knownRegions = (
				en,
				Base,
			);
			mainGroup = 010F4207286A2522006D101E;
			productRefGroup = 010F4211286A2522006D101E /* Products */;
			projectDirPath = "";
			projectRoot = "";
			targets = (
				010F420F286A2522006D101E /* Instagram */,
				010F422A286A2524006D101E /* InstagramTests */,
				010F4234286A2524006D101E /* InstagramUITests */,
			);
		};
/* End PBXProject section */

/* Begin PBXResourcesBuildPhase section */
		010F420E286A2522006D101E /* Resources */ = {
			isa = PBXResourcesBuildPhase;
			buildActionMask = 2147483647;
			files = (
				010F4223286A2524006D101E /* LaunchScreen.storyboard in Resources */,
				010F4220286A2524006D101E /* Assets.xcassets in Resources */,
				010F421E286A2522006D101E /* Main.storyboard in Resources */,
			);
			runOnlyForDeploymentPostprocessing = 0;
		};
		010F4229286A2524006D101E /* Resources */ = {
			isa = PBXResourcesBuildPhase;
			buildActionMask = 2147483647;
			files = (
			);
			runOnlyForDeploymentPostprocessing = 0;
		};
		010F4233286A2524006D101E /* Resources */ = {
			isa = PBXResourcesBuildPhase;
			buildActionMask = 2147483647;
			files = (
			);
			runOnlyForDeploymentPostprocessing = 0;
		};
/* End PBXResourcesBuildPhase section */

/* Begin PBXShellScriptBuildPhase section */
		13949A4A30E1848EF60B875C /* [CP] Check Pods Manifest.lock */ = {
			isa = PBXShellScriptBuildPhase;
			buildActionMask = 2147483647;
			files = (
			);
			inputFileListPaths = (
			);
			inputPaths = (
				"${PODS_PODFILE_DIR_PATH}/Podfile.lock",
				"${PODS_ROOT}/Manifest.lock",
			);
			name = "[CP] Check Pods Manifest.lock";
			outputFileListPaths = (
			);
			outputPaths = (
				"$(DERIVED_FILE_DIR)/Pods-InstagramTests-checkManifestLockResult.txt",
			);
			runOnlyForDeploymentPostprocessing = 0;
			shellPath = /bin/sh;
			shellScript = "diff \"${PODS_PODFILE_DIR_PATH}/Podfile.lock\" \"${PODS_ROOT}/Manifest.lock\" > /dev/null\nif [ $? != 0 ] ; then\n    # print error to STDERR\n    echo \"error: The sandbox is not in sync with the Podfile.lock. Run 'pod install' or update your CocoaPods installation.\" >&2\n    exit 1\nfi\n# This output is used by Xcode 'outputs' to avoid re-running this script phase.\necho \"SUCCESS\" > \"${SCRIPT_OUTPUT_FILE_0}\"\n";
			showEnvVarsInLog = 0;
		};
		3B53BDE661BA4966DBD5B735 /* [CP] Copy Pods Resources */ = {
			isa = PBXShellScriptBuildPhase;
			buildActionMask = 2147483647;
			files = (
			);
			inputFileListPaths = (
				"${PODS_ROOT}/Target Support Files/Pods-Instagram-InstagramUITests/Pods-Instagram-InstagramUITests-resources-${CONFIGURATION}-input-files.xcfilelist",
			);
			name = "[CP] Copy Pods Resources";
			outputFileListPaths = (
				"${PODS_ROOT}/Target Support Files/Pods-Instagram-InstagramUITests/Pods-Instagram-InstagramUITests-resources-${CONFIGURATION}-output-files.xcfilelist",
			);
			runOnlyForDeploymentPostprocessing = 0;
			shellPath = /bin/sh;
			shellScript = "\"${PODS_ROOT}/Target Support Files/Pods-Instagram-InstagramUITests/Pods-Instagram-InstagramUITests-resources.sh\"\n";
			showEnvVarsInLog = 0;
		};
		4471BEDEA7DD769002157318 /* [CP] Copy Pods Resources */ = {
			isa = PBXShellScriptBuildPhase;
			buildActionMask = 2147483647;
			files = (
			);
			inputFileListPaths = (
				"${PODS_ROOT}/Target Support Files/Pods-Instagram/Pods-Instagram-resources-${CONFIGURATION}-input-files.xcfilelist",
			);
			name = "[CP] Copy Pods Resources";
			outputFileListPaths = (
				"${PODS_ROOT}/Target Support Files/Pods-Instagram/Pods-Instagram-resources-${CONFIGURATION}-output-files.xcfilelist",
			);
			runOnlyForDeploymentPostprocessing = 0;
			shellPath = /bin/sh;
			shellScript = "\"${PODS_ROOT}/Target Support Files/Pods-Instagram/Pods-Instagram-resources.sh\"\n";
			showEnvVarsInLog = 0;
		};
		8D82C4E160D8B7DD7D545B8E /* [CP] Check Pods Manifest.lock */ = {
			isa = PBXShellScriptBuildPhase;
			buildActionMask = 2147483647;
			files = (
			);
			inputFileListPaths = (
			);
			inputPaths = (
				"${PODS_PODFILE_DIR_PATH}/Podfile.lock",
				"${PODS_ROOT}/Manifest.lock",
			);
			name = "[CP] Check Pods Manifest.lock";
			outputFileListPaths = (
			);
			outputPaths = (
				"$(DERIVED_FILE_DIR)/Pods-Instagram-checkManifestLockResult.txt",
			);
			runOnlyForDeploymentPostprocessing = 0;
			shellPath = /bin/sh;
			shellScript = "diff \"${PODS_PODFILE_DIR_PATH}/Podfile.lock\" \"${PODS_ROOT}/Manifest.lock\" > /dev/null\nif [ $? != 0 ] ; then\n    # print error to STDERR\n    echo \"error: The sandbox is not in sync with the Podfile.lock. Run 'pod install' or update your CocoaPods installation.\" >&2\n    exit 1\nfi\n# This output is used by Xcode 'outputs' to avoid re-running this script phase.\necho \"SUCCESS\" > \"${SCRIPT_OUTPUT_FILE_0}\"\n";
			showEnvVarsInLog = 0;
		};
		B861E1CAF77A1CBE8960F16A /* [CP] Check Pods Manifest.lock */ = {
			isa = PBXShellScriptBuildPhase;
			buildActionMask = 2147483647;
			files = (
			);
			inputFileListPaths = (
			);
			inputPaths = (
				"${PODS_PODFILE_DIR_PATH}/Podfile.lock",
				"${PODS_ROOT}/Manifest.lock",
			);
			name = "[CP] Check Pods Manifest.lock";
			outputFileListPaths = (
			);
			outputPaths = (
				"$(DERIVED_FILE_DIR)/Pods-Instagram-InstagramUITests-checkManifestLockResult.txt",
			);
			runOnlyForDeploymentPostprocessing = 0;
			shellPath = /bin/sh;
			shellScript = "diff \"${PODS_PODFILE_DIR_PATH}/Podfile.lock\" \"${PODS_ROOT}/Manifest.lock\" > /dev/null\nif [ $? != 0 ] ; then\n    # print error to STDERR\n    echo \"error: The sandbox is not in sync with the Podfile.lock. Run 'pod install' or update your CocoaPods installation.\" >&2\n    exit 1\nfi\n# This output is used by Xcode 'outputs' to avoid re-running this script phase.\necho \"SUCCESS\" > \"${SCRIPT_OUTPUT_FILE_0}\"\n";
			showEnvVarsInLog = 0;
		};
/* End PBXShellScriptBuildPhase section */

/* Begin PBXSourcesBuildPhase section */
		010F420C286A2522006D101E /* Sources */ = {
			isa = PBXSourcesBuildPhase;
			buildActionMask = 2147483647;
			files = (
				010F421B286A2522006D101E /* ViewController.m in Sources */,
				010F42622870FEB7006D101E /* ProfileViewController.m in Sources */,
				010F4215286A2522006D101E /* AppDelegate.m in Sources */,
				010F42592870F1D5006D101E /* PostPhotoViewController.m in Sources */,
				010F4251286A6C78006D101E /* SignUpViewController.m in Sources */,
				010F4226286A2524006D101E /* main.m in Sources */,
				010F426528710148006D101E /* collectionViewCell.m in Sources */,
				010F42562870EE69006D101E /* FeedViewController.m in Sources */,
				010F42682871046A006D101E /* ProfilePhotoViewController.m in Sources */,
				010F4218286A2522006D101E /* SceneDelegate.m in Sources */,
				010F425F2870FB82006D101E /* Post.m in Sources */,
			);
			runOnlyForDeploymentPostprocessing = 0;
		};
		010F4227286A2524006D101E /* Sources */ = {
			isa = PBXSourcesBuildPhase;
			buildActionMask = 2147483647;
			files = (
				010F4230286A2524006D101E /* InstagramTests.m in Sources */,
			);
			runOnlyForDeploymentPostprocessing = 0;
		};
		010F4231286A2524006D101E /* Sources */ = {
			isa = PBXSourcesBuildPhase;
			buildActionMask = 2147483647;
			files = (
				010F423A286A2524006D101E /* InstagramUITests.m in Sources */,
				010F423C286A2524006D101E /* InstagramUITestsLaunchTests.m in Sources */,
			);
			runOnlyForDeploymentPostprocessing = 0;
		};
/* End PBXSourcesBuildPhase section */

/* Begin PBXTargetDependency section */
		010F422D286A2524006D101E /* PBXTargetDependency */ = {
			isa = PBXTargetDependency;
			target = 010F420F286A2522006D101E /* Instagram */;
			targetProxy = 010F422C286A2524006D101E /* PBXContainerItemProxy */;
		};
		010F4237286A2524006D101E /* PBXTargetDependency */ = {
			isa = PBXTargetDependency;
			target = 010F420F286A2522006D101E /* Instagram */;
			targetProxy = 010F4236286A2524006D101E /* PBXContainerItemProxy */;
		};
/* End PBXTargetDependency section */

/* Begin PBXVariantGroup section */
		010F421C286A2522006D101E /* Main.storyboard */ = {
			isa = PBXVariantGroup;
			children = (
				010F421D286A2522006D101E /* Base */,
			);
			name = Main.storyboard;
			sourceTree = "<group>";
		};
		010F4221286A2524006D101E /* LaunchScreen.storyboard */ = {
			isa = PBXVariantGroup;
			children = (
				010F4222286A2524006D101E /* Base */,
			);
			name = LaunchScreen.storyboard;
			sourceTree = "<group>";
		};
/* End PBXVariantGroup section */

/* Begin XCBuildConfiguration section */
		010F423D286A2524006D101E /* Debug */ = {
			isa = XCBuildConfiguration;
			buildSettings = {
				ALWAYS_SEARCH_USER_PATHS = NO;
				CLANG_ANALYZER_NONNULL = YES;
				CLANG_ANALYZER_NUMBER_OBJECT_CONVERSION = YES_AGGRESSIVE;
				CLANG_CXX_LANGUAGE_STANDARD = "gnu++17";
				CLANG_ENABLE_MODULES = YES;
				CLANG_ENABLE_OBJC_ARC = YES;
				CLANG_ENABLE_OBJC_WEAK = YES;
				CLANG_WARN_BLOCK_CAPTURE_AUTORELEASING = YES;
				CLANG_WARN_BOOL_CONVERSION = YES;
				CLANG_WARN_COMMA = YES;
				CLANG_WARN_CONSTANT_CONVERSION = YES;
				CLANG_WARN_DEPRECATED_OBJC_IMPLEMENTATIONS = YES;
				CLANG_WARN_DIRECT_OBJC_ISA_USAGE = YES_ERROR;
				CLANG_WARN_DOCUMENTATION_COMMENTS = YES;
				CLANG_WARN_EMPTY_BODY = YES;
				CLANG_WARN_ENUM_CONVERSION = YES;
				CLANG_WARN_INFINITE_RECURSION = YES;
				CLANG_WARN_INT_CONVERSION = YES;
				CLANG_WARN_NON_LITERAL_NULL_CONVERSION = YES;
				CLANG_WARN_OBJC_IMPLICIT_RETAIN_SELF = YES;
				CLANG_WARN_OBJC_LITERAL_CONVERSION = YES;
				CLANG_WARN_OBJC_ROOT_CLASS = YES_ERROR;
				CLANG_WARN_QUOTED_INCLUDE_IN_FRAMEWORK_HEADER = YES;
				CLANG_WARN_RANGE_LOOP_ANALYSIS = YES;
				CLANG_WARN_STRICT_PROTOTYPES = YES;
				CLANG_WARN_SUSPICIOUS_MOVE = YES;
				CLANG_WARN_UNGUARDED_AVAILABILITY = YES_AGGRESSIVE;
				CLANG_WARN_UNREACHABLE_CODE = YES;
				CLANG_WARN__DUPLICATE_METHOD_MATCH = YES;
				COPY_PHASE_STRIP = NO;
				DEBUG_INFORMATION_FORMAT = dwarf;
				ENABLE_STRICT_OBJC_MSGSEND = YES;
				ENABLE_TESTABILITY = YES;
				GCC_C_LANGUAGE_STANDARD = gnu11;
				GCC_DYNAMIC_NO_PIC = NO;
				GCC_NO_COMMON_BLOCKS = YES;
				GCC_OPTIMIZATION_LEVEL = 0;
				GCC_PREPROCESSOR_DEFINITIONS = (
					"DEBUG=1",
					"$(inherited)",
				);
				GCC_WARN_64_TO_32_BIT_CONVERSION = YES;
				GCC_WARN_ABOUT_RETURN_TYPE = YES_ERROR;
				GCC_WARN_UNDECLARED_SELECTOR = YES;
				GCC_WARN_UNINITIALIZED_AUTOS = YES_AGGRESSIVE;
				GCC_WARN_UNUSED_FUNCTION = YES;
				GCC_WARN_UNUSED_VARIABLE = YES;
				IPHONEOS_DEPLOYMENT_TARGET = 15.5;
				MTL_ENABLE_DEBUG_INFO = INCLUDE_SOURCE;
				MTL_FAST_MATH = YES;
				ONLY_ACTIVE_ARCH = YES;
				SDKROOT = iphoneos;
			};
			name = Debug;
		};
		010F423E286A2524006D101E /* Release */ = {
			isa = XCBuildConfiguration;
			buildSettings = {
				ALWAYS_SEARCH_USER_PATHS = NO;
				CLANG_ANALYZER_NONNULL = YES;
				CLANG_ANALYZER_NUMBER_OBJECT_CONVERSION = YES_AGGRESSIVE;
				CLANG_CXX_LANGUAGE_STANDARD = "gnu++17";
				CLANG_ENABLE_MODULES = YES;
				CLANG_ENABLE_OBJC_ARC = YES;
				CLANG_ENABLE_OBJC_WEAK = YES;
				CLANG_WARN_BLOCK_CAPTURE_AUTORELEASING = YES;
				CLANG_WARN_BOOL_CONVERSION = YES;
				CLANG_WARN_COMMA = YES;
				CLANG_WARN_CONSTANT_CONVERSION = YES;
				CLANG_WARN_DEPRECATED_OBJC_IMPLEMENTATIONS = YES;
				CLANG_WARN_DIRECT_OBJC_ISA_USAGE = YES_ERROR;
				CLANG_WARN_DOCUMENTATION_COMMENTS = YES;
				CLANG_WARN_EMPTY_BODY = YES;
				CLANG_WARN_ENUM_CONVERSION = YES;
				CLANG_WARN_INFINITE_RECURSION = YES;
				CLANG_WARN_INT_CONVERSION = YES;
				CLANG_WARN_NON_LITERAL_NULL_CONVERSION = YES;
				CLANG_WARN_OBJC_IMPLICIT_RETAIN_SELF = YES;
				CLANG_WARN_OBJC_LITERAL_CONVERSION = YES;
				CLANG_WARN_OBJC_ROOT_CLASS = YES_ERROR;
				CLANG_WARN_QUOTED_INCLUDE_IN_FRAMEWORK_HEADER = YES;
				CLANG_WARN_RANGE_LOOP_ANALYSIS = YES;
				CLANG_WARN_STRICT_PROTOTYPES = YES;
				CLANG_WARN_SUSPICIOUS_MOVE = YES;
				CLANG_WARN_UNGUARDED_AVAILABILITY = YES_AGGRESSIVE;
				CLANG_WARN_UNREACHABLE_CODE = YES;
				CLANG_WARN__DUPLICATE_METHOD_MATCH = YES;
				COPY_PHASE_STRIP = NO;
				DEBUG_INFORMATION_FORMAT = "dwarf-with-dsym";
				ENABLE_NS_ASSERTIONS = NO;
				ENABLE_STRICT_OBJC_MSGSEND = YES;
				GCC_C_LANGUAGE_STANDARD = gnu11;
				GCC_NO_COMMON_BLOCKS = YES;
				GCC_WARN_64_TO_32_BIT_CONVERSION = YES;
				GCC_WARN_ABOUT_RETURN_TYPE = YES_ERROR;
				GCC_WARN_UNDECLARED_SELECTOR = YES;
				GCC_WARN_UNINITIALIZED_AUTOS = YES_AGGRESSIVE;
				GCC_WARN_UNUSED_FUNCTION = YES;
				GCC_WARN_UNUSED_VARIABLE = YES;
				IPHONEOS_DEPLOYMENT_TARGET = 15.5;
				MTL_ENABLE_DEBUG_INFO = NO;
				MTL_FAST_MATH = YES;
				SDKROOT = iphoneos;
				VALIDATE_PRODUCT = YES;
			};
			name = Release;
		};
		010F4240286A2524006D101E /* Debug */ = {
			isa = XCBuildConfiguration;
			baseConfigurationReference = 37F96F2E62604245A35608CE /* Pods-Instagram.debug.xcconfig */;
			buildSettings = {
				ASSETCATALOG_COMPILER_APPICON_NAME = AppIcon;
				ASSETCATALOG_COMPILER_GLOBAL_ACCENT_COLOR_NAME = AccentColor;
				CODE_SIGN_STYLE = Automatic;
				CURRENT_PROJECT_VERSION = 1;
				GENERATE_INFOPLIST_FILE = YES;
				INFOPLIST_FILE = Instagram/Info.plist;
				INFOPLIST_KEY_UIApplicationSupportsIndirectInputEvents = YES;
				INFOPLIST_KEY_UILaunchStoryboardName = LaunchScreen;
				INFOPLIST_KEY_UIMainStoryboardFile = Main;
				INFOPLIST_KEY_UISupportedInterfaceOrientations_iPad = "UIInterfaceOrientationPortrait UIInterfaceOrientationPortraitUpsideDown UIInterfaceOrientationLandscapeLeft UIInterfaceOrientationLandscapeRight";
				INFOPLIST_KEY_UISupportedInterfaceOrientations_iPhone = "UIInterfaceOrientationPortrait UIInterfaceOrientationLandscapeLeft UIInterfaceOrientationLandscapeRight";
				LD_RUNPATH_SEARCH_PATHS = (
					"$(inherited)",
					"@executable_path/Frameworks",
				);
				MARKETING_VERSION = 1.0;
				PRODUCT_BUNDLE_IDENTIFIER = com.fabdel20.Instagram;
				PRODUCT_NAME = "$(TARGET_NAME)";
				SWIFT_EMIT_LOC_STRINGS = YES;
				TARGETED_DEVICE_FAMILY = "1,2";
			};
			name = Debug;
		};
		010F4241286A2524006D101E /* Release */ = {
			isa = XCBuildConfiguration;
			baseConfigurationReference = ABA42A94AF4633E6CCB26D39 /* Pods-Instagram.release.xcconfig */;
			buildSettings = {
				ASSETCATALOG_COMPILER_APPICON_NAME = AppIcon;
				ASSETCATALOG_COMPILER_GLOBAL_ACCENT_COLOR_NAME = AccentColor;
				CODE_SIGN_STYLE = Automatic;
				CURRENT_PROJECT_VERSION = 1;
				GENERATE_INFOPLIST_FILE = YES;
				INFOPLIST_FILE = Instagram/Info.plist;
				INFOPLIST_KEY_UIApplicationSupportsIndirectInputEvents = YES;
				INFOPLIST_KEY_UILaunchStoryboardName = LaunchScreen;
				INFOPLIST_KEY_UIMainStoryboardFile = Main;
				INFOPLIST_KEY_UISupportedInterfaceOrientations_iPad = "UIInterfaceOrientationPortrait UIInterfaceOrientationPortraitUpsideDown UIInterfaceOrientationLandscapeLeft UIInterfaceOrientationLandscapeRight";
				INFOPLIST_KEY_UISupportedInterfaceOrientations_iPhone = "UIInterfaceOrientationPortrait UIInterfaceOrientationLandscapeLeft UIInterfaceOrientationLandscapeRight";
				LD_RUNPATH_SEARCH_PATHS = (
					"$(inherited)",
					"@executable_path/Frameworks",
				);
				MARKETING_VERSION = 1.0;
				PRODUCT_BUNDLE_IDENTIFIER = com.fabdel20.Instagram;
				PRODUCT_NAME = "$(TARGET_NAME)";
				SWIFT_EMIT_LOC_STRINGS = YES;
				TARGETED_DEVICE_FAMILY = "1,2";
			};
			name = Release;
		};
		010F4243286A2524006D101E /* Debug */ = {
			isa = XCBuildConfiguration;
			baseConfigurationReference = 923CECCA9D173A2FF5174396 /* Pods-InstagramTests.debug.xcconfig */;
			buildSettings = {
				BUNDLE_LOADER = "$(TEST_HOST)";
				CODE_SIGN_STYLE = Automatic;
				CURRENT_PROJECT_VERSION = 1;
				GENERATE_INFOPLIST_FILE = YES;
				IPHONEOS_DEPLOYMENT_TARGET = 15.5;
				MARKETING_VERSION = 1.0;
				PRODUCT_BUNDLE_IDENTIFIER = com.fabdel20.InstagramTests;
				PRODUCT_NAME = "$(TARGET_NAME)";
				SWIFT_EMIT_LOC_STRINGS = NO;
				TARGETED_DEVICE_FAMILY = "1,2";
				TEST_HOST = "$(BUILT_PRODUCTS_DIR)/Instagram.app/Instagram";
			};
			name = Debug;
		};
		010F4244286A2524006D101E /* Release */ = {
			isa = XCBuildConfiguration;
			baseConfigurationReference = C34E4707CDC6D7DC595925CA /* Pods-InstagramTests.release.xcconfig */;
			buildSettings = {
				BUNDLE_LOADER = "$(TEST_HOST)";
				CODE_SIGN_STYLE = Automatic;
				CURRENT_PROJECT_VERSION = 1;
				GENERATE_INFOPLIST_FILE = YES;
				IPHONEOS_DEPLOYMENT_TARGET = 15.5;
				MARKETING_VERSION = 1.0;
				PRODUCT_BUNDLE_IDENTIFIER = com.fabdel20.InstagramTests;
				PRODUCT_NAME = "$(TARGET_NAME)";
				SWIFT_EMIT_LOC_STRINGS = NO;
				TARGETED_DEVICE_FAMILY = "1,2";
				TEST_HOST = "$(BUILT_PRODUCTS_DIR)/Instagram.app/Instagram";
			};
			name = Release;
		};
		010F4246286A2524006D101E /* Debug */ = {
			isa = XCBuildConfiguration;
			baseConfigurationReference = 930C2046BF97C914AB97F753 /* Pods-Instagram-InstagramUITests.debug.xcconfig */;
			buildSettings = {
				CODE_SIGN_STYLE = Automatic;
				CURRENT_PROJECT_VERSION = 1;
				GENERATE_INFOPLIST_FILE = YES;
				MARKETING_VERSION = 1.0;
				PRODUCT_BUNDLE_IDENTIFIER = com.fabdel20.InstagramUITests;
				PRODUCT_NAME = "$(TARGET_NAME)";
				SWIFT_EMIT_LOC_STRINGS = NO;
				TARGETED_DEVICE_FAMILY = "1,2";
				TEST_TARGET_NAME = Instagram;
			};
			name = Debug;
		};
		010F4247286A2524006D101E /* Release */ = {
			isa = XCBuildConfiguration;
			baseConfigurationReference = 4B081C27467514B0DB272DBD /* Pods-Instagram-InstagramUITests.release.xcconfig */;
			buildSettings = {
				CODE_SIGN_STYLE = Automatic;
				CURRENT_PROJECT_VERSION = 1;
				GENERATE_INFOPLIST_FILE = YES;
				MARKETING_VERSION = 1.0;
				PRODUCT_BUNDLE_IDENTIFIER = com.fabdel20.InstagramUITests;
				PRODUCT_NAME = "$(TARGET_NAME)";
				SWIFT_EMIT_LOC_STRINGS = NO;
				TARGETED_DEVICE_FAMILY = "1,2";
				TEST_TARGET_NAME = Instagram;
			};
			name = Release;
		};
/* End XCBuildConfiguration section */

/* Begin XCConfigurationList section */
		010F420B286A2522006D101E /* Build configuration list for PBXProject "Instagram" */ = {
			isa = XCConfigurationList;
			buildConfigurations = (
				010F423D286A2524006D101E /* Debug */,
				010F423E286A2524006D101E /* Release */,
			);
			defaultConfigurationIsVisible = 0;
			defaultConfigurationName = Release;
		};
		010F423F286A2524006D101E /* Build configuration list for PBXNativeTarget "Instagram" */ = {
			isa = XCConfigurationList;
			buildConfigurations = (
				010F4240286A2524006D101E /* Debug */,
				010F4241286A2524006D101E /* Release */,
			);
			defaultConfigurationIsVisible = 0;
			defaultConfigurationName = Release;
		};
		010F4242286A2524006D101E /* Build configuration list for PBXNativeTarget "InstagramTests" */ = {
			isa = XCConfigurationList;
			buildConfigurations = (
				010F4243286A2524006D101E /* Debug */,
				010F4244286A2524006D101E /* Release */,
			);
			defaultConfigurationIsVisible = 0;
			defaultConfigurationName = Release;
		};
		010F4245286A2524006D101E /* Build configuration list for PBXNativeTarget "InstagramUITests" */ = {
			isa = XCConfigurationList;
			buildConfigurations = (
				010F4246286A2524006D101E /* Debug */,
				010F4247286A2524006D101E /* Release */,
			);
			defaultConfigurationIsVisible = 0;
			defaultConfigurationName = Release;
		};
/* End XCConfigurationList section */
	};
	rootObject = 010F4208286A2522006D101E /* Project object */;
}
